// !$*UTF8*$!
{
	archiveVersion = 1;
	classes = {
	};
	objectVersion = 50;
	objects = {

/* Begin PBXBuildFile section */
		D1990F6922F8074C001DAD8B /* question.csv in Resources */ = {isa = PBXBuildFile; fileRef = D1990F6822F8074C001DAD8B /* question.csv */; };
		D1990F6B22F808C0001DAD8B /* DataManager.swift in Sources */ = {isa = PBXBuildFile; fileRef = D1990F6A22F808C0001DAD8B /* DataManager.swift */; };
		D1CC3CC222F67F9B00D8EC8C /* AppDelegate.swift in Sources */ = {isa = PBXBuildFile; fileRef = D1CC3CC122F67F9B00D8EC8C /* AppDelegate.swift */; };
		D1CC3CC422F67F9B00D8EC8C /* ViewController.swift in Sources */ = {isa = PBXBuildFile; fileRef = D1CC3CC322F67F9B00D8EC8C /* ViewController.swift */; };
		D1CC3CC722F67F9B00D8EC8C /* Main.storyboard in Resources */ = {isa = PBXBuildFile; fileRef = D1CC3CC522F67F9B00D8EC8C /* Main.storyboard */; };
		D1CC3CC922F67F9D00D8EC8C /* Assets.xcassets in Resources */ = {isa = PBXBuildFile; fileRef = D1CC3CC822F67F9D00D8EC8C /* Assets.xcassets */; };
		D1CC3CCC22F67F9D00D8EC8C /* LaunchScreen.storyboard in Resources */ = {isa = PBXBuildFile; fileRef = D1CC3CCA22F67F9D00D8EC8C /* LaunchScreen.storyboard */; };
		D1CC3CD522F6807400D8EC8C /* AudioToolbox.framework in Frameworks */ = {isa = PBXBuildFile; fileRef = D1CC3CD422F6807400D8EC8C /* AudioToolbox.framework */; };
		D1CC3CD722F6856700D8EC8C /* custom.mp3 in Resources */ = {isa = PBXBuildFile; fileRef = D1CC3CD622F6856700D8EC8C /* custom.mp3 */; };
/* End PBXBuildFile section */

/* Begin PBXFileReference section */
		D1990F6822F8074C001DAD8B /* question.csv */ = {isa = PBXFileReference; lastKnownFileType = text; path = question.csv; sourceTree = "<group>"; };
		D1990F6A22F808C0001DAD8B /* DataManager.swift */ = {isa = PBXFileReference; lastKnownFileType = sourcecode.swift; path = DataManager.swift; sourceTree = "<group>"; };
		D1CC3CBE22F67F9B00D8EC8C /* SimpleQuiz.app */ = {isa = PBXFileReference; explicitFileType = wrapper.application; includeInIndex = 0; path = SimpleQuiz.app; sourceTree = BUILT_PRODUCTS_DIR; };
		D1CC3CC122F67F9B00D8EC8C /* AppDelegate.swift */ = {isa = PBXFileReference; lastKnownFileType = sourcecode.swift; path = AppDelegate.swift; sourceTree = "<group>"; };
		D1CC3CC322F67F9B00D8EC8C /* ViewController.swift */ = {isa = PBXFileReference; lastKnownFileType = sourcecode.swift; path = ViewController.swift; sourceTree = "<group>"; };
		D1CC3CC622F67F9B00D8EC8C /* Base */ = {isa = PBXFileReference; lastKnownFileType = file.storyboard; name = Base; path = Base.lproj/Main.storyboard; sourceTree = "<group>"; };
		D1CC3CC822F67F9D00D8EC8C /* Assets.xcassets */ = {isa = PBXFileReference; lastKnownFileType = folder.assetcatalog; path = Assets.xcassets; sourceTree = "<group>"; };
		D1CC3CCB22F67F9D00D8EC8C /* Base */ = {isa = PBXFileReference; lastKnownFileType = file.storyboard; name = Base; path = Base.lproj/LaunchScreen.storyboard; sourceTree = "<group>"; };
		D1CC3CCD22F67F9D00D8EC8C /* Info.plist */ = {isa = PBXFileReference; lastKnownFileType = text.plist.xml; path = Info.plist; sourceTree = "<group>"; };
		D1CC3CD422F6807400D8EC8C /* AudioToolbox.framework */ = {isa = PBXFileReference; lastKnownFileType = wrapper.framework; name = AudioToolbox.framework; path = System/Library/Frameworks/AudioToolbox.framework; sourceTree = SDKROOT; };
		D1CC3CD622F6856700D8EC8C /* custom.mp3 */ = {isa = PBXFileReference; lastKnownFileType = audio.mp3; path = custom.mp3; sourceTree = "<group>"; };
/* End PBXFileReference section */

/* Begin PBXFrameworksBuildPhase section */
		D1CC3CBB22F67F9B00D8EC8C /* Frameworks */ = {
			isa = PBXFrameworksBuildPhase;
			buildActionMask = 2147483647;
			files = (
				D1CC3CD522F6807400D8EC8C /* AudioToolbox.framework in Frameworks */,
			);
			runOnlyForDeploymentPostprocessing = 0;
		};
/* End PBXFrameworksBuildPhase section */

/* Begin PBXGroup section */
		D1CC3CB522F67F9B00D8EC8C = {
			isa = PBXGroup;
			children = (
				D1CC3CC022F67F9B00D8EC8C /* SimpleQuiz */,
				D1CC3CBF22F67F9B00D8EC8C /* Products */,
				D1CC3CD322F6807300D8EC8C /* Frameworks */,
			);
			sourceTree = "<group>";
		};
		D1CC3CBF22F67F9B00D8EC8C /* Products */ = {
			isa = PBXGroup;
			children = (
				D1CC3CBE22F67F9B00D8EC8C /* SimpleQuiz.app */,
			);
			name = Products;
			sourceTree = "<group>";
		};
		D1CC3CC022F67F9B00D8EC8C /* SimpleQuiz */ = {
			isa = PBXGroup;
			children = (
				D1CC3CD622F6856700D8EC8C /* custom.mp3 */,
				D1990F6A22F808C0001DAD8B /* DataManager.swift */,
				D1CC3CC122F67F9B00D8EC8C /* AppDelegate.swift */,
				D1CC3CC322F67F9B00D8EC8C /* ViewController.swift */,
				D1CC3CC522F67F9B00D8EC8C /* Main.storyboard */,
				D1990F6822F8074C001DAD8B /* question.csv */,
				D1CC3CC822F67F9D00D8EC8C /* Assets.xcassets */,
				D1CC3CCA22F67F9D00D8EC8C /* LaunchScreen.storyboard */,
				D1CC3CCD22F67F9D00D8EC8C /* Info.plist */,
			);
			path = SimpleQuiz;
			sourceTree = "<group>";
		};
		D1CC3CD322F6807300D8EC8C /* Frameworks */ = {
			isa = PBXGroup;
			children = (
				D1CC3CD422F6807400D8EC8C /* AudioToolbox.framework */,
			);
			name = Frameworks;
			sourceTree = "<group>";
		};
/* End PBXGroup section */

/* Begin PBXNativeTarget section */
		D1CC3CBD22F67F9B00D8EC8C /* SimpleQuiz */ = {
			isa = PBXNativeTarget;
			buildConfigurationList = D1CC3CD022F67F9D00D8EC8C /* Build configuration list for PBXNativeTarget "SimpleQuiz" */;
			buildPhases = (
				D1CC3CBA22F67F9B00D8EC8C /* Sources */,
				D1CC3CBB22F67F9B00D8EC8C /* Frameworks */,
				D1CC3CBC22F67F9B00D8EC8C /* Resources */,
			);
			buildRules = (
			);
			dependencies = (
			);
			name = SimpleQuiz;
			productName = SimpleQuiz;
			productReference = D1CC3CBE22F67F9B00D8EC8C /* SimpleQuiz.app */;
			productType = "com.apple.product-type.application";
		};
/* End PBXNativeTarget section */

/* Begin PBXProject section */
		D1CC3CB622F67F9B00D8EC8C /* Project object */ = {
			isa = PBXProject;
			attributes = {
				LastSwiftUpdateCheck = 0930;
				LastUpgradeCheck = 0930;
				ORGANIZATIONNAME = YoheiTerashima;
				TargetAttributes = {
					D1CC3CBD22F67F9B00D8EC8C = {
						CreatedOnToolsVersion = 9.3;
					};
				};
			};
			buildConfigurationList = D1CC3CB922F67F9B00D8EC8C /* Build configuration list for PBXProject "SimpleQuiz" */;
			compatibilityVersion = "Xcode 9.3";
			developmentRegion = en;
			hasScannedForEncodings = 0;
			knownRegions = (
				en,
				Base,
			);
			mainGroup = D1CC3CB522F67F9B00D8EC8C;
			productRefGroup = D1CC3CBF22F67F9B00D8EC8C /* Products */;
			projectDirPath = "";
			projectRoot = "";
			targets = (
				D1CC3CBD22F67F9B00D8EC8C /* SimpleQuiz */,
			);
		};
/* End PBXProject section */

/* Begin PBXResourcesBuildPhase section */
		D1CC3CBC22F67F9B00D8EC8C /* Resources */ = {
			isa = PBXResourcesBuildPhase;
			buildActionMask = 2147483647;
			files = (
				D1CC3CCC22F67F9D00D8EC8C /* LaunchScreen.storyboard in Resources */,
				D1990F6922F8074C001DAD8B /* question.csv in Resources */,
				D1CC3CC922F67F9D00D8EC8C /* Assets.xcassets in Resources */,
				D1CC3CC722F67F9B00D8EC8C /* Main.storyboard in Resources */,
				D1CC3CD722F6856700D8EC8C /* custom.mp3 in Resources */,
			);
			runOnlyForDeploymentPostprocessing = 0;
		};
/* End PBXResourcesBuildPhase section */

/* Begin PBXSourcesBuildPhase section */
		D1CC3CBA22F67F9B00D8EC8C /* Sources */ = {
			isa = PBXSourcesBuildPhase;
			buildActionMask = 2147483647;
			files = (
				D1CC3CC422F67F9B00D8EC8C /* ViewController.swift in Sources */,
				D1990F6B22F808C0001DAD8B /* DataManager.swift in Sources */,
				D1CC3CC222F67F9B00D8EC8C /* AppDelegate.swift in Sources */,
			);
			runOnlyForDeploymentPostprocessing = 0;
		};
/* End PBXSourcesBuildPhase section */

/* Begin PBXVariantGroup section */
		D1CC3CC522F67F9B00D8EC8C /* Main.storyboard */ = {
			isa = PBXVariantGroup;
			children = (
				D1CC3CC622F67F9B00D8EC8C /* Base */,
			);
			name = Main.storyboard;
			sourceTree = "<group>";
		};
		D1CC3CCA22F67F9D00D8EC8C /* LaunchScreen.storyboard */ = {
			isa = PBXVariantGroup;
			children = (
				D1CC3CCB22F67F9D00D8EC8C /* Base */,
			);
			name = LaunchScreen.storyboard;
			sourceTree = "<group>";
		};
/* End PBXVariantGroup section */

/* Begin XCBuildConfiguration section */
		D1CC3CCE22F67F9D00D8EC8C /* Debug */ = {
			isa = XCBuildConfiguration;
			buildSettings = {
				ALWAYS_SEARCH_USER_PATHS = NO;
				CLANG_ANALYZER_NONNULL = YES;
				CLANG_ANALYZER_NUMBER_OBJECT_CONVERSION = YES_AGGRESSIVE;
				CLANG_CXX_LANGUAGE_STANDARD = "gnu++14";
				CLANG_CXX_LIBRARY = "libc++";
				CLANG_ENABLE_MODULES = YES;
				CLANG_ENABLE_OBJC_ARC = YES;
				CLANG_ENABLE_OBJC_WEAK = YES;
				CLANG_WARN_BLOCK_CAPTURE_AUTORELEASING = YES;
				CLANG_WARN_BOOL_CONVERSION = YES;
				CLANG_WARN_COMMA = YES;
				CLANG_WARN_CONSTANT_CONVERSION = YES;
				CLANG_WARN_DEPRECATED_OBJC_IMPLEMENTATIONS = YES;
				CLANG_WARN_DIRECT_OBJC_ISA_USAGE = YES_ERROR;
				CLANG_WARN_DOCUMENTATION_COMMENTS = YES;
				CLANG_WARN_EMPTY_BODY = YES;
				CLANG_WARN_ENUM_CONVERSION = YES;
				CLANG_WARN_INFINITE_RECURSION = YES;
				CLANG_WARN_INT_CONVERSION = YES;
				CLANG_WARN_NON_LITERAL_NULL_CONVERSION = YES;
				CLANG_WARN_OBJC_IMPLICIT_RETAIN_SELF = YES;
				CLANG_WARN_OBJC_LITERAL_CONVERSION = YES;
				CLANG_WARN_OBJC_ROOT_CLASS = YES_ERROR;
				CLANG_WARN_RANGE_LOOP_ANALYSIS = YES;
				CLANG_WARN_STRICT_PROTOTYPES = YES;
				CLANG_WARN_SUSPICIOUS_MOVE = YES;
				CLANG_WARN_UNGUARDED_AVAILABILITY = YES_AGGRESSIVE;
				CLANG_WARN_UNREACHABLE_CODE = YES;
				CLANG_WARN__DUPLICATE_METHOD_MATCH = YES;
				CODE_SIGN_IDENTITY = "iPhone Developer";
				COPY_PHASE_STRIP = NO;
				DEBUG_INFORMATION_FORMAT = dwarf;
				ENABLE_STRICT_OBJC_MSGSEND = YES;
				ENABLE_TESTABILITY = YES;
				GCC_C_LANGUAGE_STANDARD = gnu11;
				GCC_DYNAMIC_NO_PIC = NO;
				GCC_NO_COMMON_BLOCKS = YES;
				GCC_OPTIMIZATION_LEVEL = 0;
				GCC_PREPROCESSOR_DEFINITIONS = (
					"DEBUG=1",
					"$(inherited)",
				);
				GCC_WARN_64_TO_32_BIT_CONVERSION = YES;
				GCC_WARN_ABOUT_RETURN_TYPE = YES_ERROR;
				GCC_WARN_UNDECLARED_SELECTOR = YES;
				GCC_WARN_UNINITIALIZED_AUTOS = YES_AGGRESSIVE;
				GCC_WARN_UNUSED_FUNCTION = YES;
				GCC_WARN_UNUSED_VARIABLE = YES;
				IPHONEOS_DEPLOYMENT_TARGET = 11.3;
				MTL_ENABLE_DEBUG_INFO = YES;
				ONLY_ACTIVE_ARCH = YES;
				SDKROOT = iphoneos;
				SWIFT_ACTIVE_COMPILATION_CONDITIONS = DEBUG;
				SWIFT_OPTIMIZATION_LEVEL = "-Onone";
			};
			name = Debug;
		};
		D1CC3CCF22F67F9D00D8EC8C /* Release */ = {
			isa = XCBuildConfiguration;
			buildSettings = {
				ALWAYS_SEARCH_USER_PATHS = NO;
				CLANG_ANALYZER_NONNULL = YES;
				CLANG_ANALYZER_NUMBER_OBJECT_CONVERSION = YES_AGGRESSIVE;
				CLANG_CXX_LANGUAGE_STANDARD = "gnu++14";
				CLANG_CXX_LIBRARY = "libc++";
				CLANG_ENABLE_MODULES = YES;
				CLANG_ENABLE_OBJC_ARC = YES;
				CLANG_ENABLE_OBJC_WEAK = YES;
				CLANG_WARN_BLOCK_CAPTURE_AUTORELEASING = YES;
				CLANG_WARN_BOOL_CONVERSION = YES;
				CLANG_WARN_COMMA = YES;
				CLANG_WARN_CONSTANT_CONVERSION = YES;
				CLANG_WARN_DEPRECATED_OBJC_IMPLEMENTATIONS = YES;
				CLANG_WARN_DIRECT_OBJC_ISA_USAGE = YES_ERROR;
				CLANG_WARN_DOCUMENTATION_COMMENTS = YES;
				CLANG_WARN_EMPTY_BODY = YES;
				CLANG_WARN_ENUM_CONVERSION = YES;
				CLANG_WARN_INFINITE_RECURSION = YES;
				CLANG_WARN_INT_CONVERSION = YES;
				CLANG_WARN_NON_LITERAL_NULL_CONVERSION = YES;
				CLANG_WARN_OBJC_IMPLICIT_RETAIN_SELF = YES;
				CLANG_WARN_OBJC_LITERAL_CONVERSION = YES;
				CLANG_WARN_OBJC_ROOT_CLASS = YES_ERROR;
				CLANG_WARN_RANGE_LOOP_ANALYSIS = YES;
				CLANG_WARN_STRICT_PROTOTYPES = YES;
				CLANG_WARN_SUSPICIOUS_MOVE = YES;
				CLANG_WARN_UNGUARDED_AVAILABILITY = YES_AGGRESSIVE;
				CLANG_WARN_UNREACHABLE_CODE = YES;
				CLANG_WARN__DUPLICATE_METHOD_MATCH = YES;
				CODE_SIGN_IDENTITY = "iPhone Developer";
				COPY_PHASE_STRIP = NO;
				DEBUG_INFORMATION_FORMAT = "dwarf-with-dsym";
				ENABLE_NS_ASSERTIONS = NO;
				ENABLE_STRICT_OBJC_MSGSEND = YES;
				GCC_C_LANGUAGE_STANDARD = gnu11;
				GCC_NO_COMMON_BLOCKS = YES;
				GCC_WARN_64_TO_32_BIT_CONVERSION = YES;
				GCC_WARN_ABOUT_RETURN_TYPE = YES_ERROR;
				GCC_WARN_UNDECLARED_SELECTOR = YES;
				GCC_WARN_UNINITIALIZED_AUTOS = YES_AGGRESSIVE;
				GCC_WARN_UNUSED_FUNCTION = YES;
				GCC_WARN_UNUSED_VARIABLE = YES;
				IPHONEOS_DEPLOYMENT_TARGET = 11.3;
				MTL_ENABLE_DEBUG_INFO = NO;
				SDKROOT = iphoneos;
				SWIFT_COMPILATION_MODE = wholemodule;
				SWIFT_OPTIMIZATION_LEVEL = "-O";
				VALIDATE_PRODUCT = YES;
			};
			name = Release;
		};
		D1CC3CD122F67F9D00D8EC8C /* Debug */ = {
			isa = XCBuildConfiguration;
			buildSettings = {
				ASSETCATALOG_COMPILER_APPICON_NAME = AppIcon;
				CODE_SIGN_STYLE = Automatic;
				DEVELOPMENT_TEAM = DCYC29YYSD;
				INFOPLIST_FILE = SimpleQuiz/Info.plist;
				LD_RUNPATH_SEARCH_PATHS = (
					"$(inherited)",
					"@executable_path/Frameworks",
				);
				PRODUCT_BUNDLE_IDENTIFIER = com.yoheiterashima.SimpleQuiz;
				PRODUCT_NAME = "$(TARGET_NAME)";
				SWIFT_VERSION = 4.0;
				TARGETED_DEVICE_FAMILY = "1,2";
			};
			name = Debug;
		};
		D1CC3CD222F67F9D00D8EC8C /* Release */ = {
			isa = XCBuildConfiguration;
			buildSettings = {
				ASSETCATALOG_COMPILER_APPICON_NAME = AppIcon;
				CODE_SIGN_STYLE = Automatic;
				DEVELOPMENT_TEAM = DCYC29YYSD;
				INFOPLIST_FILE = SimpleQuiz/Info.plist;
				LD_RUNPATH_SEARCH_PATHS = (
					"$(inherited)",
					"@executable_path/Frameworks",
				);
				PRODUCT_BUNDLE_IDENTIFIER = com.yoheiterashima.SimpleQuiz;
				PRODUCT_NAME = "$(TARGET_NAME)";
				SWIFT_VERSION = 4.0;
				TARGETED_DEVICE_FAMILY = "1,2";
			};
			name = Release;
		};
/* End XCBuildConfiguration section */

/* Begin XCConfigurationList section */
		D1CC3CB922F67F9B00D8EC8C /* Build configuration list for PBXProject "SimpleQuiz" */ = {
			isa = XCConfigurationList;
			buildConfigurations = (
				D1CC3CCE22F67F9D00D8EC8C /* Debug */,
				D1CC3CCF22F67F9D00D8EC8C /* Release */,
			);
			defaultConfigurationIsVisible = 0;
			defaultConfigurationName = Release;
		};
		D1CC3CD022F67F9D00D8EC8C /* Build configuration list for PBXNativeTarget "SimpleQuiz" */ = {
			isa = XCConfigurationList;
			buildConfigurations = (
				D1CC3CD122F67F9D00D8EC8C /* Debug */,
				D1CC3CD222F67F9D00D8EC8C /* Release */,
			);
			defaultConfigurationIsVisible = 0;
			defaultConfigurationName = Release;
		};
/* End XCConfigurationList section */
	};
	rootObject = D1CC3CB622F67F9B00D8EC8C /* Project object */;
}
